{
  "name": "miniprogram-ts-sass-quickstart",
  "version": "1.0.0",
  "lockfileVersion": 3,
  "requires": true,
  "packages": {
    "": {
      "name": "miniprogram-ts-sass-quickstart",
      "version": "1.0.0",
      "license": "ISC",
      "dependencies": {
        "@vant/weapp": "^1.11.7"
      },
      "devDependencies": {
        "miniprogram-api-typings": "^2.8.3-1"
      }
    },
    "node_modules/@vant/weapp": {
      "version": "1.11.7",
      "resolved": "http://r.npm.sankuai.com/@vant/weapp/download/@vant/weapp-1.11.7.tgz",
      "integrity": "sha1-v9QJKXDUcHGdXpOm1P+WdG0csnY="
    },
    "node_modules/miniprogram-api-typings": {
      "version": "2.12.0",
      "resolved": "http://r.npm.sankuai.com/miniprogram-api-typings/download/miniprogram-api-typings-2.12.0.tgz",
      "integrity": "sha1-einJDz5e+jZYhCLR8B4i0zlKqqE=",
      "dev": true
    }
  }
}
