{
  "name": "miniprogram",
  "version": "1.0.0",
  "lockfileVersion": 3,
  "requires": true,
  "packages": {
    "": {
      "name": "miniprogram",
      "version": "1.0.0",
      "license": "ISC",
      "dependencies": {
        "@vant/weapp": "^1.11.7"
      },
      "devDependencies": {
        "miniprogram-api-typings": "^4.0.1"
      }
    },
    "node_modules/@vant/weapp": {
      "version": "1.11.7",
      "resolved": "http://r.npm.sankuai.com/@vant/weapp/download/@vant/weapp-1.11.7.tgz",
      "integrity": "sha1-v9QJKXDUcHGdXpOm1P+WdG0csnY="
    },
    "node_modules/miniprogram-api-typings": {
      "version": "4.0.1",
      "resolved": "http://r.npm.sankuai.com/miniprogram-api-typings/download/miniprogram-api-typings-4.0.1.tgz",
      "integrity": "sha1-FJM2OfcQZH4aYQJhTuPUmrkPm+g=",
      "dev": true
    }
  }
}
