{
  "name": "miniprogram",
  "version": "1.0.0",
  "lockfileVersion": 3,
  "requires": true,
  "packages": {
    "": {
      "name": "miniprogram",
      "version": "1.0.0",
      "license": "ISC",
      "dependencies": {
        "@vant/weapp": "^1.11.7"
      },
      "devDependencies": {
        "miniprogram-api-typings": "^4.0.1"
      }
    },
    "node_modules/@vant/weapp": {
      "version": "1.11.7",
      "resolved": "https://registry.npmmirror.com/@vant/weapp/-/weapp-1.11.7.tgz",
      "integrity": "sha512-Rwn9BBnb4kHSV4XmvBicwtd42J+amEUfnFDcXJsGNPNX4a9c/DoT6YLsm4X1wB2+sQbdiQsbFBLAvGRBxCkD8g=="
    },
    "node_modules/miniprogram-api-typings": {
      "version": "4.0.2",
      "resolved": "https://registry.npmmirror.com/miniprogram-api-typings/-/miniprogram-api-typings-4.0.2.tgz",
      "integrity": "sha512-hDrWCaJamsMB6Sg+0oMzGgSOse8EzumfN+VQFBKtJe2LbeKibGruB/ptNd4viXdcdgfahQ+Ji5Z9v9meoG9iuw==",
      "dev": true
    }
  }
}
